{
	"name": "@codex/sdk-js",
	"version": "0.0.1",
	"lockfileVersion": 3,
	"requires": true,
	"packages": {
		"": {
			"name": "@codex/sdk-js",
			"version": "0.0.1",
			"license": "MIT",
			"dependencies": {
				"@sinclair/typebox": "^0.32.35"
			},
			"devDependencies": {
				"@faker-js/faker": "^8.4.1",
				"@tsconfig/strictest": "^2.0.5",
				"typescript": "^5.5.4"
			},
			"engines": {
				"node": ">=20"
			}
		},
		"node_modules/@faker-js/faker": {
			"version": "8.4.1",
			"resolved": "https://registry.npmjs.org/@faker-js/faker/-/faker-8.4.1.tgz",
			"integrity": "sha512-XQ3cU+Q8Uqmrbf2e0cIC/QN43sTBSC8KF12u29Mb47tWrt2hAgBXSgpZMj4Ao8Uk0iJcU99QsOCaIL8934obCg==",
			"dev": true,
			"funding": [
				{
					"type": "opencollective",
					"url": "https://opencollective.com/fakerjs"
				}
			],
			"engines": {
				"node": "^14.17.0 || ^16.13.0 || >=18.0.0",
				"npm": ">=6.14.13"
			}
		},
		"node_modules/@sinclair/typebox": {
			"version": "0.32.35",
			"resolved": "https://registry.npmjs.org/@sinclair/typebox/-/typebox-0.32.35.tgz",
			"integrity": "sha512-Ul3YyOTU++to8cgNkttakC0dWvpERr6RYoHO2W47DLbFvrwBDJUY31B1sImH6JZSYc4Kt4PyHtoPNu+vL2r2dA=="
		},
		"node_modules/@tsconfig/strictest": {
			"version": "2.0.5",
			"resolved": "https://registry.npmjs.org/@tsconfig/strictest/-/strictest-2.0.5.tgz",
			"integrity": "sha512-ec4tjL2Rr0pkZ5hww65c+EEPYwxOi4Ryv+0MtjeaSQRJyq322Q27eOQiFbuNgw2hpL4hB1/W/HBGk3VKS43osg==",
			"dev": true
		},
		"node_modules/typescript": {
			"version": "5.5.4",
			"resolved": "https://registry.npmjs.org/typescript/-/typescript-5.5.4.tgz",
			"integrity": "sha512-Mtq29sKDAEYP7aljRgtPOpTvOfbwRWlS6dPRzwjdE+C0R4brX/GUyhHSecbHMFLNBLcJIPt9nl9yG5TZ1weH+Q==",
			"dev": true,
			"bin": {
				"tsc": "bin/tsc",
				"tsserver": "bin/tsserver"
			},
			"engines": {
				"node": ">=14.17"
			}
		}
	}
}
