{
  "name": "@codex-storage/sdk-js-download-node-example",
  "version": "1.0.0",
  "lockfileVersion": 3,
  "requires": true,
  "packages": {
    "": {
      "name": "@codex-storage/sdk-js-download-node-example",
      "version": "1.0.0",
      "license": "ISC",
      "dependencies": {
        "@codex-storage/sdk-js": "../..",
        "undici": "^7.7.0"
      },
      "devDependencies": {
        "prettier": "^3.5.3"
      }
    },
    "..": {
      "extraneous": true
    },
    "../..": {
      "name": "@codex-storage/sdk-js",
      "version": "0.1.2",
      "license": "MIT",
      "dependencies": {
        "valibot": "^1.0.0"
      },
      "devDependencies": {
        "@tsconfig/strictest": "^2.0.5",
        "@types/node": "^22.13.17",
        "oas-normalize": "^13.1.2",
        "openapi-typescript": "^7.6.1",
        "prettier": "^3.5.3",
        "tsup": "^8.3.6",
        "typescript": "^5.8.2",
        "vitest": "^3.1.1"
      },
      "engines": {
        "node": ">=20.18.1"
      },
      "peerDependencies": {
        "undici": "^7.7.0"
      }
    },
    "node_modules/@codex-storage/sdk-js": {
      "resolved": "../..",
      "link": true
    },
    "node_modules/prettier": {
      "version": "3.5.3",
      "dev": true,
      "license": "MIT",
      "bin": {
        "prettier": "bin/prettier.cjs"
      },
      "engines": {
        "node": ">=14"
      },
      "funding": {
        "url": "https://github.com/prettier/prettier?sponsor=1"
      }
    },
    "node_modules/undici": {
      "version": "7.10.0",
      "resolved": "https://registry.npmjs.org/undici/-/undici-7.10.0.tgz",
      "integrity": "sha512-u5otvFBOBZvmdjWLVW+5DAc9Nkq8f24g0O9oY7qw2JVIF1VocIFoyz9JFkuVOS2j41AufeO0xnlweJ2RLT8nGw==",
      "license": "MIT",
      "engines": {
        "node": ">=20.18.1"
      }
    }
  }
}
