{
  "name": "@codex-storage/sdk-js-update-node-example",
  "version": "1.0.0",
  "lockfileVersion": 3,
  "requires": true,
  "packages": {
    "": {
      "name": "@codex-storage/sdk-js-update-node-example",
      "version": "1.0.0",
      "license": "ISC",
      "dependencies": {
        "@codex-storage/sdk-js": "../..",
        "undici": "^7.6.0"
      },
      "devDependencies": {
        "prettier": "^3.5.3"
      }
    },
    "..": {
      "extraneous": true
    },
    "../..": {
      "name": "@codex-storage/sdk-js",
      "version": "0.1.1",
      "license": "MIT",
      "dependencies": {
        "valibot": "^0.32.0"
      },
      "devDependencies": {
        "@tsconfig/strictest": "^2.0.5",
        "@types/node": "^22.13.13",
        "prettier": "^3.5.3",
        "tsup": "^8.3.6",
        "typescript": "^5.8.2",
        "vitest": "^3.1.1"
      },
      "engines": {
        "node": ">=20.18.1"
      },
      "peerDependencies": {
        "undici": "^7.6.0"
      }
    },
    "../dist": {
      "extraneous": true
    },
    "node_modules/@codex-storage/sdk-js": {
      "resolved": "../..",
      "link": true
    },
    "node_modules/prettier": {
      "version": "3.5.3",
      "resolved": "https://registry.npmjs.org/prettier/-/prettier-3.5.3.tgz",
      "integrity": "sha512-QQtaxnoDJeAkDvDKWCLiwIXkTgRhwYDEQCghU9Z6q03iyek/rxRh/2lC3HB7P8sWT2xC/y5JDctPLBIGzHKbhw==",
      "dev": true,
      "license": "MIT",
      "bin": {
        "prettier": "bin/prettier.cjs"
      },
      "engines": {
        "node": ">=14"
      },
      "funding": {
        "url": "https://github.com/prettier/prettier?sponsor=1"
      }
    },
    "node_modules/undici": {
      "version": "7.6.0",
      "resolved": "https://registry.npmjs.org/undici/-/undici-7.6.0.tgz",
      "integrity": "sha512-gaFsbThjrDGvAaD670r81RZro/s6H2PVZF640Qn0p5kZK+/rim7/mmyfp2W7VB5vOMaFM8vuFBJUaMlaZTYHlA==",
      "license": "MIT",
      "engines": {
        "node": ">=20.18.1"
      }
    }
  }
}
